[root]
name = "Newton"
version = "0.0.1"
dependencies = [
 "cgmath 0.0.1 (git+https://github.com/bjz/cgmath-rs)",
 "gfx 0.1.0 (git+http://github.com/gfx-rs/gfx-rs)",
 "glfw 0.0.1 (git+https://github.com/bjz/glfw-rs.git)",
]

[[package]]
name = "cgmath"
version = "0.0.1"
source = "git+https://github.com/bjz/cgmath-rs#9bb77e6a45a545fe016a2e2f60ccf156e8006a5c"
dependencies = [
 "rustc-serialize 0.2.7 (registry+https://github.com/rust-lang/crates.io-index)",
]

[[package]]
name = "device"
version = "0.1.0"
source = "git+http://github.com/gfx-rs/gfx-rs#e8563cda1ed1167b4d1a8581000961fac2a38320"
dependencies = [
 "gfx_gl 0.1.0 (git+https://github.com/gfx-rs/gfx_gl.git)",
 "log 0.1.9 (registry+https://github.com/rust-lang/crates.io-index)",
]

[[package]]
name = "gcc"
version = "0.1.4"
source = "registry+https://github.com/rust-lang/crates.io-index"

[[package]]
name = "gfx"
version = "0.1.0"
source = "git+http://github.com/gfx-rs/gfx-rs#e8563cda1ed1167b4d1a8581000961fac2a38320"
dependencies = [
 "device 0.1.0 (git+http://github.com/gfx-rs/gfx-rs)",
 "gfx_macros 0.1.0 (git+http://github.com/gfx-rs/gfx-rs)",
 "log 0.1.9 (registry+https://github.com/rust-lang/crates.io-index)",
 "render 0.1.0 (git+http://github.com/gfx-rs/gfx-rs)",
 "time 0.1.12 (registry+https://github.com/rust-lang/crates.io-index)",
]

[[package]]
name = "gfx_gl"
version = "0.1.0"
source = "git+https://github.com/gfx-rs/gfx_gl.git#55240eabe0facc22ba78e532447d0815cf2acbf1"
dependencies = [
 "gl_common 0.0.3 (git+https://github.com/bjz/gl-rs.git)",
 "gl_generator 0.0.12 (git+https://github.com/bjz/gl-rs.git)",
]

[[package]]
name = "gfx_macros"
version = "0.1.0"
source = "git+http://github.com/gfx-rs/gfx-rs#e8563cda1ed1167b4d1a8581000961fac2a38320"

[[package]]
name = "gl_common"
version = "0.0.3"
source = "git+https://github.com/bjz/gl-rs.git#b0e94e8aa44b9b5176a91b1e98680db69f4be93c"

[[package]]
name = "gl_generator"
version = "0.0.12"
source = "git+https://github.com/bjz/gl-rs.git#b0e94e8aa44b9b5176a91b1e98680db69f4be93c"
dependencies = [
 "gl_common 0.0.3 (git+https://github.com/bjz/gl-rs.git)",
 "khronos_api 0.0.4 (git+https://github.com/bjz/gl-rs.git)",
 "log 0.1.9 (registry+https://github.com/rust-lang/crates.io-index)",
 "xml-rs 0.1.12 (registry+https://github.com/rust-lang/crates.io-index)",
]

[[package]]
name = "glfw"
version = "0.0.1"
source = "git+https://github.com/bjz/glfw-rs.git#ff5780b06b0e5cd2f1198b4891e55f8fdac6a4d9"
dependencies = [
 "glfw-sys 3.0.4 (git+https://github.com/servo/glfw?branch=cargo-3.0.4)",
 "log 0.1.9 (registry+https://github.com/rust-lang/crates.io-index)",
 "semver 0.1.12 (registry+https://github.com/rust-lang/crates.io-index)",
]

[[package]]
name = "glfw-sys"
version = "3.0.4"
source = "git+https://github.com/servo/glfw?branch=cargo-3.0.4#765dace7e4125b87c764f5ac0e7a80eae5c550b2"

[[package]]
name = "khronos_api"
version = "0.0.4"
source = "git+https://github.com/bjz/gl-rs.git#b0e94e8aa44b9b5176a91b1e98680db69f4be93c"

[[package]]
name = "log"
version = "0.1.9"
source = "registry+https://github.com/rust-lang/crates.io-index"
dependencies = [
 "regex 0.1.10 (registry+https://github.com/rust-lang/crates.io-index)",
]

[[package]]
name = "regex"
version = "0.1.10"
source = "registry+https://github.com/rust-lang/crates.io-index"

[[package]]
name = "render"
version = "0.1.0"
source = "git+http://github.com/gfx-rs/gfx-rs#e8563cda1ed1167b4d1a8581000961fac2a38320"
dependencies = [
 "device 0.1.0 (git+http://github.com/gfx-rs/gfx-rs)",
 "log 0.1.9 (registry+https://github.com/rust-lang/crates.io-index)",
]

[[package]]
name = "rustc-serialize"
version = "0.2.7"
source = "registry+https://github.com/rust-lang/crates.io-index"

[[package]]
name = "semver"
version = "0.1.12"
source = "registry+https://github.com/rust-lang/crates.io-index"

[[package]]
name = "time"
version = "0.1.12"
source = "registry+https://github.com/rust-lang/crates.io-index"
dependencies = [
 "gcc 0.1.4 (registry+https://github.com/rust-lang/crates.io-index)",
]

[[package]]
name = "xml-rs"
version = "0.1.12"
source = "registry+https://github.com/rust-lang/crates.io-index"

